
Microsoft Visual Studio Solution File, Format Version 12.00
# Visual Studio Version 16
VisualStudioVersion = 16.0.29519.181
MinimumVisualStudioVersion = 10.0.40219.1
Project("{FAE04EC0-301F-11D3-BF4B-00C04F79EFBC}") = "Travelling SalesMan Problem", "Travelling SalesMan Problem.csproj", "{DDA25D7B-6AEE-4C60-A3FE-D699013B300E}"
EndProject
Global
	GlobalSection(SolutionConfigurationPlatforms) = preSolution
		Debug|Any CPU = Debug|Any CPU
		Release|Any CPU = Release|Any CPU
	EndGlobalSection
	GlobalSection(ProjectConfigurationPlatforms) = postSolution
		{DDA25D7B-6AEE-4C60-A3FE-D699013B300E}.Debug|Any CPU.ActiveCfg = Debug|Any CPU
		{DDA25D7B-6AEE-4C60-A3FE-D699013B300E}.Debug|Any CPU.Build.0 = Debug|Any CPU
		{DDA25D7B-6AEE-4C60-A3FE-D699013B300E}.Release|Any CPU.ActiveCfg = Release|Any CPU
		{DDA25D7B-6AEE-4C60-A3FE-D699013B300E}.Release|Any CPU.Build.0 = Release|Any CPU
	EndGlobalSection
	GlobalSection(SolutionProperties) = preSolution
		HideSolutionNode = FALSE
	EndGlobalSection
	GlobalSection(ExtensibilityGlobals) = postSolution
		SolutionGuid = {D2A6BC7E-705D-4EE4-83D0-980B7CB753F9}
	EndGlobalSection
EndGlobal
